
Microsoft Visual Studio Solution File, Format Version 12.00
Project("{FAE04EC0-301F-11D3-BF4B-00C04F79EFBC}") = "NetForge.SimulationModel", "NetForge.SimulationModel\NetForge.SimulationModel.csproj", "{BCE7E282-FB10-4476-93BC-BFFFAD16148A}"
EndProject
Project("{FAE04EC0-301F-11D3-BF4B-00C04F79EFBC}") = "NetForge.Simulation", "NetForge.Simulation\NetForge.Simulation.csproj", "{A00978CA-58E1-4C66-AD5A-126C3F5C231F}"
EndProject
Project("{FAE04EC0-301F-11D3-BF4B-00C04F79EFBC}") = "NetForge.CliHandlers", "NetForge.CliHandlers\NetForge.CliHandlers.csproj", "{13BF87CD-1494-40D8-99DC-C1E7B3B9110E}"
EndProject
Project("{FAE04EC0-301F-11D3-BF4B-00C04F79EFBC}") = "NetForge.HttpHandlers", "NetForge.HttpHandlers\NetForge.HttpHandlers.csproj", "{300E241C-EA3F-4AB7-BA6F-1290848FC7F0}"
EndProject
Project("{FAE04EC0-301F-11D3-BF4B-00C04F79EFBC}") = "NetForge.NetconfHandlers", "NetForge.NetconfHandlers\NetForge.NetconfHandlers.csproj", "{78F18C69-7AA6-4F31-BD6A-0E7D0944CCC2}"
EndProject
Project("{FAE04EC0-301F-11D3-BF4B-00C04F79EFBC}") = "NetForge.SnmpHandlers", "NetForge.SnmpHandlers\NetForge.SnmpHandlers.csproj", "{E34B056E-9A6A-4194-A7E4-F2846ED7AF1C}"
EndProject
Project("{FAE04EC0-301F-11D3-BF4B-00C04F79EFBC}") = "NetForge.Protocols.Layer1", "NetForge.Protocols.Layer1\NetForge.Protocols.Layer1.csproj", "{0D265852-0D7C-415F-81C5-F2F0C3916E31}"
EndProject
Project("{FAE04EC0-301F-11D3-BF4B-00C04F79EFBC}") = "NetForge.Protocols.Layer2", "NetForge.Protocols.Layer2\NetForge.Protocols.Layer2.csproj", "{B64C8D9A-E28D-409F-BDD3-684816AD6621}"
EndProject
Project("{FAE04EC0-301F-11D3-BF4B-00C04F79EFBC}") = "NetForge.Protocols.Layer3", "NetForge.Protocols.Layer3\NetForge.Protocols.Layer3.csproj", "{BECD00F4-3DFA-434F-B203-23D46B1F926B}"
EndProject
Project("{FAE04EC0-301F-11D3-BF4B-00C04F79EFBC}") = "NetForge.Protocols.Layer4", "NetForge.Protocols.Layer4\NetForge.Protocols.Layer4.csproj", "{579E9953-D3CA-4275-93E7-F61B5CB102BD}"
EndProject
Global
	GlobalSection(SolutionConfigurationPlatforms) = preSolution
		Debug|Any CPU = Debug|Any CPU
		Release|Any CPU = Release|Any CPU
	EndGlobalSection
	GlobalSection(ProjectConfigurationPlatforms) = postSolution
		{BCE7E282-FB10-4476-93BC-BFFFAD16148A}.Debug|Any CPU.ActiveCfg = Debug|Any CPU
		{BCE7E282-FB10-4476-93BC-BFFFAD16148A}.Debug|Any CPU.Build.0 = Debug|Any CPU
		{BCE7E282-FB10-4476-93BC-BFFFAD16148A}.Release|Any CPU.ActiveCfg = Release|Any CPU
		{BCE7E282-FB10-4476-93BC-BFFFAD16148A}.Release|Any CPU.Build.0 = Release|Any CPU
		{A00978CA-58E1-4C66-AD5A-126C3F5C231F}.Debug|Any CPU.ActiveCfg = Debug|Any CPU
		{A00978CA-58E1-4C66-AD5A-126C3F5C231F}.Debug|Any CPU.Build.0 = Debug|Any CPU
		{A00978CA-58E1-4C66-AD5A-126C3F5C231F}.Release|Any CPU.ActiveCfg = Release|Any CPU
		{A00978CA-58E1-4C66-AD5A-126C3F5C231F}.Release|Any CPU.Build.0 = Release|Any CPU
		{13BF87CD-1494-40D8-99DC-C1E7B3B9110E}.Debug|Any CPU.ActiveCfg = Debug|Any CPU
		{13BF87CD-1494-40D8-99DC-C1E7B3B9110E}.Debug|Any CPU.Build.0 = Debug|Any CPU
		{13BF87CD-1494-40D8-99DC-C1E7B3B9110E}.Release|Any CPU.ActiveCfg = Release|Any CPU
		{13BF87CD-1494-40D8-99DC-C1E7B3B9110E}.Release|Any CPU.Build.0 = Release|Any CPU
		{300E241C-EA3F-4AB7-BA6F-1290848FC7F0}.Debug|Any CPU.ActiveCfg = Debug|Any CPU
		{300E241C-EA3F-4AB7-BA6F-1290848FC7F0}.Debug|Any CPU.Build.0 = Debug|Any CPU
		{300E241C-EA3F-4AB7-BA6F-1290848FC7F0}.Release|Any CPU.ActiveCfg = Release|Any CPU
		{300E241C-EA3F-4AB7-BA6F-1290848FC7F0}.Release|Any CPU.Build.0 = Release|Any CPU
		{78F18C69-7AA6-4F31-BD6A-0E7D0944CCC2}.Debug|Any CPU.ActiveCfg = Debug|Any CPU
		{78F18C69-7AA6-4F31-BD6A-0E7D0944CCC2}.Debug|Any CPU.Build.0 = Debug|Any CPU
		{78F18C69-7AA6-4F31-BD6A-0E7D0944CCC2}.Release|Any CPU.ActiveCfg = Release|Any CPU
		{78F18C69-7AA6-4F31-BD6A-0E7D0944CCC2}.Release|Any CPU.Build.0 = Release|Any CPU
		{E34B056E-9A6A-4194-A7E4-F2846ED7AF1C}.Debug|Any CPU.ActiveCfg = Debug|Any CPU
		{E34B056E-9A6A-4194-A7E4-F2846ED7AF1C}.Debug|Any CPU.Build.0 = Debug|Any CPU
		{E34B056E-9A6A-4194-A7E4-F2846ED7AF1C}.Release|Any CPU.ActiveCfg = Release|Any CPU
		{E34B056E-9A6A-4194-A7E4-F2846ED7AF1C}.Release|Any CPU.Build.0 = Release|Any CPU
		{0D265852-0D7C-415F-81C5-F2F0C3916E31}.Debug|Any CPU.ActiveCfg = Debug|Any CPU
		{0D265852-0D7C-415F-81C5-F2F0C3916E31}.Debug|Any CPU.Build.0 = Debug|Any CPU
		{0D265852-0D7C-415F-81C5-F2F0C3916E31}.Release|Any CPU.ActiveCfg = Release|Any CPU
		{0D265852-0D7C-415F-81C5-F2F0C3916E31}.Release|Any CPU.Build.0 = Release|Any CPU
		{B64C8D9A-E28D-409F-BDD3-684816AD6621}.Debug|Any CPU.ActiveCfg = Debug|Any CPU
		{B64C8D9A-E28D-409F-BDD3-684816AD6621}.Debug|Any CPU.Build.0 = Debug|Any CPU
		{B64C8D9A-E28D-409F-BDD3-684816AD6621}.Release|Any CPU.ActiveCfg = Release|Any CPU
		{B64C8D9A-E28D-409F-BDD3-684816AD6621}.Release|Any CPU.Build.0 = Release|Any CPU
		{BECD00F4-3DFA-434F-B203-23D46B1F926B}.Debug|Any CPU.ActiveCfg = Debug|Any CPU
		{BECD00F4-3DFA-434F-B203-23D46B1F926B}.Debug|Any CPU.Build.0 = Debug|Any CPU
		{BECD00F4-3DFA-434F-B203-23D46B1F926B}.Release|Any CPU.ActiveCfg = Release|Any CPU
		{BECD00F4-3DFA-434F-B203-23D46B1F926B}.Release|Any CPU.Build.0 = Release|Any CPU
		{579E9953-D3CA-4275-93E7-F61B5CB102BD}.Debug|Any CPU.ActiveCfg = Debug|Any CPU
		{579E9953-D3CA-4275-93E7-F61B5CB102BD}.Debug|Any CPU.Build.0 = Debug|Any CPU
		{579E9953-D3CA-4275-93E7-F61B5CB102BD}.Release|Any CPU.ActiveCfg = Release|Any CPU
		{579E9953-D3CA-4275-93E7-F61B5CB102BD}.Release|Any CPU.Build.0 = Release|Any CPU
	EndGlobalSection
EndGlobal
